
Microsoft Visual Studio Solution File, Format Version 12.00
# Visual Studio 15
VisualStudioVersion = 15.0.27428.2037
MinimumVisualStudioVersion = 10.0.40219.1
Project("{888888A0-9F3D-457C-B088-3A5042F75D52}") = "BetFightProj2", "BetFightProj2\BetFightProj2.pyproj", "{77611845-59C1-4920-AEED-459048AD639D}"
EndProject
Global
	GlobalSection(SolutionConfigurationPlatforms) = preSolution
		Debug|Any CPU = Debug|Any CPU
		Release|Any CPU = Release|Any CPU
	EndGlobalSection
	GlobalSection(ProjectConfigurationPlatforms) = postSolution
		{77611845-59C1-4920-AEED-459048AD639D}.Debug|Any CPU.ActiveCfg = Debug|Any CPU
		{77611845-59C1-4920-AEED-459048AD639D}.Debug|Any CPU.Build.0 = Debug|Any CPU
		{77611845-59C1-4920-AEED-459048AD639D}.Release|Any CPU.ActiveCfg = Release|Any CPU
		{77611845-59C1-4920-AEED-459048AD639D}.Release|Any CPU.Build.0 = Release|Any CPU
	EndGlobalSection
	GlobalSection(SolutionProperties) = preSolution
		HideSolutionNode = FALSE
	EndGlobalSection
	GlobalSection(ExtensibilityGlobals) = postSolution
		SolutionGuid = {933792EC-FF26-4A00-9C7A-4EA9141A08F0}
	EndGlobalSection
EndGlobal
